
Microsoft Visual Studio Solution File, Format Version 12.00
# Visual Studio 15
VisualStudioVersion = 15.0.28307.438
MinimumVisualStudioVersion = 10.0.40219.1
Project("{FAE04EC0-301F-11D3-BF4B-00C04F79EFBC}") = "Vitae", "Vitae\Vitae.csproj", "{C44C1881-1E36-4750-89B1-DC50C0BBDC40}"
EndProject
Global
	GlobalSection(SolutionConfigurationPlatforms) = preSolution
		Debug|Any CPU = Debug|Any CPU
		Release|Any CPU = Release|Any CPU
	EndGlobalSection
	GlobalSection(ProjectConfigurationPlatforms) = postSolution
		{C44C1881-1E36-4750-89B1-DC50C0BBDC40}.Debug|Any CPU.ActiveCfg = Debug|Any CPU
		{C44C1881-1E36-4750-89B1-DC50C0BBDC40}.Debug|Any CPU.Build.0 = Debug|Any CPU
		{C44C1881-1E36-4750-89B1-DC50C0BBDC40}.Release|Any CPU.ActiveCfg = Release|Any CPU
		{C44C1881-1E36-4750-89B1-DC50C0BBDC40}.Release|Any CPU.Build.0 = Release|Any CPU
	EndGlobalSection
	GlobalSection(SolutionProperties) = preSolution
		HideSolutionNode = FALSE
	EndGlobalSection
	GlobalSection(ExtensibilityGlobals) = postSolution
		SolutionGuid = {3D037EA0-7502-42F6-AE5A-F8893CBDA3B4}
	EndGlobalSection
EndGlobal
